
Microsoft Visual Studio Solution File, Format Version 12.00
# Visual Studio Version 16
VisualStudioVersion = 16.0.30413.136
MinimumVisualStudioVersion = 10.0.40219.1
Project("{8BC9CEB8-8B4A-11D0-8D11-00A0C91BC942}") = "DriverVodka", "DriverVodka\DriverVodka.vcxproj", "{0AD55F93-C65D-4BEE-928C-821276511209}"
EndProject
Project("{8BC9CEB8-8B4A-11D0-8D11-00A0C91BC942}") = "VodkaHandler", "VodkaHandler\VodkaHandler.vcxproj", "{2F8F648C-2236-4F55-8B70-F6CEBD972980}"
EndProject
Project("{FAE04EC0-301F-11D3-BF4B-00C04F79EFBC}") = "ClientVodka", "ClientVodka\ClientVodka.csproj", "{C5BB571C-495F-4560-B0C4-70E08BB5F8E9}"
EndProject
Global
	GlobalSection(SolutionConfigurationPlatforms) = preSolution
		Debug|Any CPU = Debug|Any CPU
		Debug|ARM = Debug|ARM
		Debug|ARM64 = Debug|ARM64
		Debug|x64 = Debug|x64
		Debug|x86 = Debug|x86
		Release|Any CPU = Release|Any CPU
		Release|ARM = Release|ARM
		Release|ARM64 = Release|ARM64
		Release|x64 = Release|x64
		Release|x86 = Release|x86
	EndGlobalSection
	GlobalSection(ProjectConfigurationPlatforms) = postSolution
		{0AD55F93-C65D-4BEE-928C-821276511209}.Debug|Any CPU.ActiveCfg = Debug|Win32
		{0AD55F93-C65D-4BEE-928C-821276511209}.Debug|ARM.ActiveCfg = Debug|ARM
		{0AD55F93-C65D-4BEE-928C-821276511209}.Debug|ARM.Build.0 = Debug|ARM
		{0AD55F93-C65D-4BEE-928C-821276511209}.Debug|ARM.Deploy.0 = Debug|ARM
		{0AD55F93-C65D-4BEE-928C-821276511209}.Debug|ARM64.ActiveCfg = Debug|ARM64
		{0AD55F93-C65D-4BEE-928C-821276511209}.Debug|ARM64.Build.0 = Debug|ARM64
		{0AD55F93-C65D-4BEE-928C-821276511209}.Debug|ARM64.Deploy.0 = Debug|ARM64
		{0AD55F93-C65D-4BEE-928C-821276511209}.Debug|x64.ActiveCfg = Debug|x64
		{0AD55F93-C65D-4BEE-928C-821276511209}.Debug|x64.Build.0 = Debug|x64
		{0AD55F93-C65D-4BEE-928C-821276511209}.Debug|x64.Deploy.0 = Debug|x64
		{0AD55F93-C65D-4BEE-928C-821276511209}.Debug|x86.ActiveCfg = Debug|Win32
		{0AD55F93-C65D-4BEE-928C-821276511209}.Debug|x86.Build.0 = Debug|Win32
		{0AD55F93-C65D-4BEE-928C-821276511209}.Debug|x86.Deploy.0 = Debug|Win32
		{0AD55F93-C65D-4BEE-928C-821276511209}.Release|Any CPU.ActiveCfg = Release|Win32
		{0AD55F93-C65D-4BEE-928C-821276511209}.Release|ARM.ActiveCfg = Release|ARM
		{0AD55F93-C65D-4BEE-928C-821276511209}.Release|ARM.Build.0 = Release|ARM
		{0AD55F93-C65D-4BEE-928C-821276511209}.Release|ARM.Deploy.0 = Release|ARM
		{0AD55F93-C65D-4BEE-928C-821276511209}.Release|ARM64.ActiveCfg = Release|ARM64
		{0AD55F93-C65D-4BEE-928C-821276511209}.Release|ARM64.Build.0 = Release|ARM64
		{0AD55F93-C65D-4BEE-928C-821276511209}.Release|ARM64.Deploy.0 = Release|ARM64
		{0AD55F93-C65D-4BEE-928C-821276511209}.Release|x64.ActiveCfg = Release|x64
		{0AD55F93-C65D-4BEE-928C-821276511209}.Release|x64.Build.0 = Release|x64
		{0AD55F93-C65D-4BEE-928C-821276511209}.Release|x64.Deploy.0 = Release|x64
		{0AD55F93-C65D-4BEE-928C-821276511209}.Release|x86.ActiveCfg = Release|Win32
		{0AD55F93-C65D-4BEE-928C-821276511209}.Release|x86.Build.0 = Release|Win32
		{0AD55F93-C65D-4BEE-928C-821276511209}.Release|x86.Deploy.0 = Release|Win32
		{2F8F648C-2236-4F55-8B70-F6CEBD972980}.Debug|Any CPU.ActiveCfg = Debug|Win32
		{2F8F648C-2236-4F55-8B70-F6CEBD972980}.Debug|ARM.ActiveCfg = Debug|Win32
		{2F8F648C-2236-4F55-8B70-F6CEBD972980}.Debug|ARM64.ActiveCfg = Debug|Win32
		{2F8F648C-2236-4F55-8B70-F6CEBD972980}.Debug|x64.ActiveCfg = Debug|x64
		{2F8F648C-2236-4F55-8B70-F6CEBD972980}.Debug|x64.Build.0 = Debug|x64
		{2F8F648C-2236-4F55-8B70-F6CEBD972980}.Debug|x86.ActiveCfg = Debug|Win32
		{2F8F648C-2236-4F55-8B70-F6CEBD972980}.Debug|x86.Build.0 = Debug|Win32
		{2F8F648C-2236-4F55-8B70-F6CEBD972980}.Release|Any CPU.ActiveCfg = Release|Win32
		{2F8F648C-2236-4F55-8B70-F6CEBD972980}.Release|ARM.ActiveCfg = Release|Win32
		{2F8F648C-2236-4F55-8B70-F6CEBD972980}.Release|ARM64.ActiveCfg = Release|Win32
		{2F8F648C-2236-4F55-8B70-F6CEBD972980}.Release|x64.ActiveCfg = Release|x64
		{2F8F648C-2236-4F55-8B70-F6CEBD972980}.Release|x64.Build.0 = Release|x64
		{2F8F648C-2236-4F55-8B70-F6CEBD972980}.Release|x86.ActiveCfg = Release|Win32
		{2F8F648C-2236-4F55-8B70-F6CEBD972980}.Release|x86.Build.0 = Release|Win32
		{C5BB571C-495F-4560-B0C4-70E08BB5F8E9}.Debug|Any CPU.ActiveCfg = Debug|Any CPU
		{C5BB571C-495F-4560-B0C4-70E08BB5F8E9}.Debug|Any CPU.Build.0 = Debug|Any CPU
		{C5BB571C-495F-4560-B0C4-70E08BB5F8E9}.Debug|ARM.ActiveCfg = Debug|Any CPU
		{C5BB571C-495F-4560-B0C4-70E08BB5F8E9}.Debug|ARM.Build.0 = Debug|Any CPU
		{C5BB571C-495F-4560-B0C4-70E08BB5F8E9}.Debug|ARM64.ActiveCfg = Debug|Any CPU
		{C5BB571C-495F-4560-B0C4-70E08BB5F8E9}.Debug|ARM64.Build.0 = Debug|Any CPU
		{C5BB571C-495F-4560-B0C4-70E08BB5F8E9}.Debug|x64.ActiveCfg = Debug|Any CPU
		{C5BB571C-495F-4560-B0C4-70E08BB5F8E9}.Debug|x64.Build.0 = Debug|Any CPU
		{C5BB571C-495F-4560-B0C4-70E08BB5F8E9}.Debug|x86.ActiveCfg = Debug|Any CPU
		{C5BB571C-495F-4560-B0C4-70E08BB5F8E9}.Debug|x86.Build.0 = Debug|Any CPU
		{C5BB571C-495F-4560-B0C4-70E08BB5F8E9}.Release|Any CPU.ActiveCfg = Release|Any CPU
		{C5BB571C-495F-4560-B0C4-70E08BB5F8E9}.Release|Any CPU.Build.0 = Release|Any CPU
		{C5BB571C-495F-4560-B0C4-70E08BB5F8E9}.Release|ARM.ActiveCfg = Release|Any CPU
		{C5BB571C-495F-4560-B0C4-70E08BB5F8E9}.Release|ARM.Build.0 = Release|Any CPU
		{C5BB571C-495F-4560-B0C4-70E08BB5F8E9}.Release|ARM64.ActiveCfg = Release|Any CPU
		{C5BB571C-495F-4560-B0C4-70E08BB5F8E9}.Release|ARM64.Build.0 = Release|Any CPU
		{C5BB571C-495F-4560-B0C4-70E08BB5F8E9}.Release|x64.ActiveCfg = Release|Any CPU
		{C5BB571C-495F-4560-B0C4-70E08BB5F8E9}.Release|x64.Build.0 = Release|Any CPU
		{C5BB571C-495F-4560-B0C4-70E08BB5F8E9}.Release|x86.ActiveCfg = Release|Any CPU
		{C5BB571C-495F-4560-B0C4-70E08BB5F8E9}.Release|x86.Build.0 = Release|Any CPU
	EndGlobalSection
	GlobalSection(SolutionProperties) = preSolution
		HideSolutionNode = FALSE
	EndGlobalSection
	GlobalSection(ExtensibilityGlobals) = postSolution
		SolutionGuid = {F340458A-F1F4-4665-B71B-DD302F2F2865}
	EndGlobalSection
EndGlobal
